<?xml version="1.0" encoding="utf-8"?>
<Project ToolsVersion="4.0" xmlns="http://schemas.microsoft.com/developer/msbuild/2003">
  <ItemGroup>
    <Filter Include="Source Files">
      <UniqueIdentifier>{e46024b2-a149-475d-8b71-4260c6f08ca3}</UniqueIdentifier>
      <Extensions>cpp;c;cxx;rc;def;r;odl;idl;hpj;bat</Extensions>
    </Filter>
    <Filter Include="Header Files">
      <UniqueIdentifier>{ccac0189-d8c6-4c11-8020-2ac6e55b53f3}</UniqueIdentifier>
      <Extensions>h;hpp;hxx;hm;inl</Extensions>
    </Filter>
    <Filter Include="Resource Files">
      <UniqueIdentifier>{c62c3046-3b03-4895-b267-277906bc2fd7}</UniqueIdentifier>
      <Extensions>ico;cur;bmp;dlg;rc2;rct;bin;rgs;gif;jpg;jpeg;jpe</Extensions>
    </Filter>
  </ItemGroup>
  <ItemGroup>
    <ClCompile Include="circlecpp.cpp">
      <Filter>Source Files</Filter>
    </ClCompile>
    <ClCompile Include="main.cpp">
      <Filter>Source Files</Filter>
    </ClCompile>
    <ClCompile Include="spherecpp.cpp">
      <Filter>Source Files</Filter>
    </ClCompile>
    <ClCompile Include="tetrahedroncpp.cpp">
      <Filter>Source Files</Filter>
    </ClCompile>
    <ClCompile Include="trianglecpp.cpp">
      <Filter>Source Files</Filter>
    </ClCompile>
  </ItemGroup>
  <ItemGroup>
    <ClInclude Include="circleheader.h">
      <Filter>Header Files</Filter>
    </ClInclude>
    <ClInclude Include="shapeheader.h">
      <Filter>Header Files</Filter>
    </ClInclude>
    <ClInclude Include="sphereheader.h">
      <Filter>Header Files</Filter>
    </ClInclude>
    <ClInclude Include="tetrahedronheader.h">
      <Filter>Header Files</Filter>
    </ClInclude>
    <ClInclude Include="threedimensionalshape.h">
      <Filter>Header Files</Filter>
    </ClInclude>
    <ClInclude Include="triangleheader.h">
      <Filter>Header Files</Filter>
    </ClInclude>
    <ClInclude Include="twodimensionalshape.h">
      <Filter>Header Files</Filter>
    </ClInclude>
  </ItemGroup>
</Project>